
Microsoft Visual Studio Solution File, Format Version 12.00
# Visual Studio 15
VisualStudioVersion = 15.0.27428.2043
MinimumVisualStudioVersion = 10.0.40219.1
Project("{FAE04EC0-301F-11D3-BF4B-00C04F79EFBC}") = "Ana_Midterm", "Ana_Midterm\Ana_Midterm.csproj", "{BF6060BF-9843-4267-984C-03BCDE0FC80F}"
EndProject
Project("{FAE04EC0-301F-11D3-BF4B-00C04F79EFBC}") = "Ana_AnimalLib", "Ana_AnimalLib\Ana_AnimalLib.csproj", "{E86BE302-044F-4EFB-AEC0-70BF0674FE81}"
EndProject
Global
	GlobalSection(SolutionConfigurationPlatforms) = preSolution
		Debug|Any CPU = Debug|Any CPU
		Release|Any CPU = Release|Any CPU
	EndGlobalSection
	GlobalSection(ProjectConfigurationPlatforms) = postSolution
		{BF6060BF-9843-4267-984C-03BCDE0FC80F}.Debug|Any CPU.ActiveCfg = Debug|Any CPU
		{BF6060BF-9843-4267-984C-03BCDE0FC80F}.Debug|Any CPU.Build.0 = Debug|Any CPU
		{BF6060BF-9843-4267-984C-03BCDE0FC80F}.Release|Any CPU.ActiveCfg = Release|Any CPU
		{BF6060BF-9843-4267-984C-03BCDE0FC80F}.Release|Any CPU.Build.0 = Release|Any CPU
		{E86BE302-044F-4EFB-AEC0-70BF0674FE81}.Debug|Any CPU.ActiveCfg = Debug|Any CPU
		{E86BE302-044F-4EFB-AEC0-70BF0674FE81}.Debug|Any CPU.Build.0 = Debug|Any CPU
		{E86BE302-044F-4EFB-AEC0-70BF0674FE81}.Release|Any CPU.ActiveCfg = Release|Any CPU
		{E86BE302-044F-4EFB-AEC0-70BF0674FE81}.Release|Any CPU.Build.0 = Release|Any CPU
	EndGlobalSection
	GlobalSection(SolutionProperties) = preSolution
		HideSolutionNode = FALSE
	EndGlobalSection
	GlobalSection(ExtensibilityGlobals) = postSolution
		SolutionGuid = {4626B12F-C039-45B9-AC54-317BC6C30337}
	EndGlobalSection
EndGlobal
